// !$*UTF8*$!
{
	archiveVersion = 1;
	classes = {
	};
	objectVersion = 56;
	objects = {

/* Begin PBXBuildFile section */
		6503514D29F1F84C005C4253 /* PostPreView.swift in Sources */ = {isa = PBXBuildFile; fileRef = 6503514C29F1F84C005C4253 /* PostPreView.swift */; };
		6503515129F1FBF6005C4253 /* UserTokenHandler.swift in Sources */ = {isa = PBXBuildFile; fileRef = 6503515029F1FBF6005C4253 /* UserTokenHandler.swift */; };
		6503515A29F2F663005C4253 /* LogoutView.swift in Sources */ = {isa = PBXBuildFile; fileRef = 6503515929F2F663005C4253 /* LogoutView.swift */; };
		6503515C29F370CA005C4253 /* FeedPage.swift in Sources */ = {isa = PBXBuildFile; fileRef = 6503515B29F370CA005C4253 /* FeedPage.swift */; };
		6503515E29F474A9005C4253 /* AboutView.swift in Sources */ = {isa = PBXBuildFile; fileRef = 6503515D29F474A9005C4253 /* AboutView.swift */; };
		6516E59D2B0AE8B9008A84E4 /* API_Helper.swift in Sources */ = {isa = PBXBuildFile; fileRef = 6516E59C2B0AE8B9008A84E4 /* API_Helper.swift */; };
		6516E59F2B0AE8CC008A84E4 /* Auth.swift in Sources */ = {isa = PBXBuildFile; fileRef = 6516E59E2B0AE8CC008A84E4 /* Auth.swift */; };
		6516E5A12B0AE935008A84E4 /* Users.swift in Sources */ = {isa = PBXBuildFile; fileRef = 6516E5A02B0AE935008A84E4 /* Users.swift */; };
		6516E5A92B0AE993008A84E4 /* API_Client.swift in Sources */ = {isa = PBXBuildFile; fileRef = 6516E5A82B0AE993008A84E4 /* API_Client.swift */; };
		6516E5AD2B0AF2D3008A84E4 /* Posts.swift in Sources */ = {isa = PBXBuildFile; fileRef = 6516E5AC2B0AF2D3008A84E4 /* Posts.swift */; };
		651757DC29FA254500E90FBA /* CreatePost.swift in Sources */ = {isa = PBXBuildFile; fileRef = 651757DB29FA254500E90FBA /* CreatePost.swift */; };
		651757DE29FB811300E90FBA /* DevModeHandler.swift in Sources */ = {isa = PBXBuildFile; fileRef = 651757DD29FB811300E90FBA /* DevModeHandler.swift */; };
		651757E129FB816F00E90FBA /* social_apple.xcdatamodeld in Sources */ = {isa = PBXBuildFile; fileRef = 651757DF29FB816F00E90FBA /* social_apple.xcdatamodeld */; };
		651757E329FB889900E90FBA /* DevModeView.swift in Sources */ = {isa = PBXBuildFile; fileRef = 651757E229FB889900E90FBA /* DevModeView.swift */; };
		651757E529FB8B2E00E90FBA /* API_Data.swift in Sources */ = {isa = PBXBuildFile; fileRef = 651757E429FB8B2E00E90FBA /* API_Data.swift */; };
		651757E82A006D3E00E90FBA /* AnalyticsView.swift in Sources */ = {isa = PBXBuildFile; fileRef = 651757E72A006D3E00E90FBA /* AnalyticsView.swift */; };
		651757EA2A006D4600E90FBA /* Graph.swift in Sources */ = {isa = PBXBuildFile; fileRef = 651757E92A006D4600E90FBA /* Graph.swift */; };
		651757EC2A006D6900E90FBA /* AnalyticData.swift in Sources */ = {isa = PBXBuildFile; fileRef = 651757EB2A006D6900E90FBA /* AnalyticData.swift */; };
		655AB60929F0720500C61F3A /* social_appleApp.swift in Sources */ = {isa = PBXBuildFile; fileRef = 655AB60829F0720500C61F3A /* social_appleApp.swift */; };
		655AB60B29F0720500C61F3A /* Persistence.swift in Sources */ = {isa = PBXBuildFile; fileRef = 655AB60A29F0720500C61F3A /* Persistence.swift */; };
		655AB61029F0720500C61F3A /* ContentView.swift in Sources */ = {isa = PBXBuildFile; fileRef = 655AB60F29F0720500C61F3A /* ContentView.swift */; };
		655AB61229F0720600C61F3A /* Assets.xcassets in Resources */ = {isa = PBXBuildFile; fileRef = 655AB61129F0720600C61F3A /* Assets.xcassets */; };
		655AB61629F0720600C61F3A /* Preview Assets.xcassets in Resources */ = {isa = PBXBuildFile; fileRef = 655AB61529F0720600C61F3A /* Preview Assets.xcassets */; };
		655AB61D29F0724000C61F3A /* API_Requests.swift in Sources */ = {isa = PBXBuildFile; fileRef = 655AB61C29F0724000C61F3A /* API_Requests.swift */; };
		655AB62129F0728A00C61F3A /* UserData.swift in Sources */ = {isa = PBXBuildFile; fileRef = 655AB62029F0728A00C61F3A /* UserData.swift */; };
		655AB62329F0740B00C61F3A /* BeginPage.swift in Sources */ = {isa = PBXBuildFile; fileRef = 655AB62229F0740B00C61F3A /* BeginPage.swift */; };
		655AB62529F0741200C61F3A /* LoginPage.swift in Sources */ = {isa = PBXBuildFile; fileRef = 655AB62429F0741200C61F3A /* LoginPage.swift */; };
		655AB62829F0778300C61F3A /* UserLoginData.swift in Sources */ = {isa = PBXBuildFile; fileRef = 655AB62729F0778300C61F3A /* UserLoginData.swift */; };
		655AB62A29F080CB00C61F3A /* UserView.swift in Sources */ = {isa = PBXBuildFile; fileRef = 655AB62929F080CB00C61F3A /* UserView.swift */; };
		655AB62C29F0E25600C61F3A /* HomeView.swift in Sources */ = {isa = PBXBuildFile; fileRef = 655AB62B29F0E25600C61F3A /* HomeView.swift */; };
		655AB62E29F0EDD900C61F3A /* PostData.swift in Sources */ = {isa = PBXBuildFile; fileRef = 655AB62D29F0EDD900C61F3A /* PostData.swift */; };
		655AB63029F19B0A00C61F3A /* ErrorData.swift in Sources */ = {isa = PBXBuildFile; fileRef = 655AB62F29F19B0A00C61F3A /* ErrorData.swift */; };
		655BC0C22B07565200949356 /* LiveChatData.swift in Sources */ = {isa = PBXBuildFile; fileRef = 655BC0C12B07565100949356 /* LiveChatData.swift */; };
		655BC0C42B07565E00949356 /* LiveChatView.swift in Sources */ = {isa = PBXBuildFile; fileRef = 655BC0C32B07565D00949356 /* LiveChatView.swift */; };
		655BC0C62B07569E00949356 /* LiveChatWebSocket.swift in Sources */ = {isa = PBXBuildFile; fileRef = 655BC0C52B07569E00949356 /* LiveChatWebSocket.swift */; };
		655BC0C82B0756D100949356 /* PollView.swift in Sources */ = {isa = PBXBuildFile; fileRef = 655BC0C72B0756D000949356 /* PollView.swift */; };
		655BC0CA2B07575100949356 /* CurrentNavigationHandler.swift in Sources */ = {isa = PBXBuildFile; fileRef = 655BC0C92B07575100949356 /* CurrentNavigationHandler.swift */; };
		65996A282B15BFE7005A60E3 /* ProfileView.swift in Sources */ = {isa = PBXBuildFile; fileRef = 65996A272B15BFE7005A60E3 /* ProfileView.swift */; };
/* End PBXBuildFile section */

/* Begin PBXFileReference section */
		6503514C29F1F84C005C4253 /* PostPreView.swift */ = {isa = PBXFileReference; lastKnownFileType = sourcecode.swift; path = PostPreView.swift; sourceTree = "<group>"; };
		6503515029F1FBF6005C4253 /* UserTokenHandler.swift */ = {isa = PBXFileReference; lastKnownFileType = sourcecode.swift; path = UserTokenHandler.swift; sourceTree = "<group>"; };
		6503515929F2F663005C4253 /* LogoutView.swift */ = {isa = PBXFileReference; lastKnownFileType = sourcecode.swift; path = LogoutView.swift; sourceTree = "<group>"; };
		6503515B29F370CA005C4253 /* FeedPage.swift */ = {isa = PBXFileReference; lastKnownFileType = sourcecode.swift; path = FeedPage.swift; sourceTree = "<group>"; };
		6503515D29F474A9005C4253 /* AboutView.swift */ = {isa = PBXFileReference; lastKnownFileType = sourcecode.swift; path = AboutView.swift; sourceTree = "<group>"; };
		6516E59C2B0AE8B9008A84E4 /* API_Helper.swift */ = {isa = PBXFileReference; lastKnownFileType = sourcecode.swift; path = API_Helper.swift; sourceTree = "<group>"; };
		6516E59E2B0AE8CC008A84E4 /* Auth.swift */ = {isa = PBXFileReference; lastKnownFileType = sourcecode.swift; path = Auth.swift; sourceTree = "<group>"; };
		6516E5A02B0AE935008A84E4 /* Users.swift */ = {isa = PBXFileReference; lastKnownFileType = sourcecode.swift; path = Users.swift; sourceTree = "<group>"; };
		6516E5A82B0AE993008A84E4 /* API_Client.swift */ = {isa = PBXFileReference; lastKnownFileType = sourcecode.swift; path = API_Client.swift; sourceTree = "<group>"; };
		6516E5AC2B0AF2D3008A84E4 /* Posts.swift */ = {isa = PBXFileReference; lastKnownFileType = sourcecode.swift; path = Posts.swift; sourceTree = "<group>"; };
		651757DB29FA254500E90FBA /* CreatePost.swift */ = {isa = PBXFileReference; lastKnownFileType = sourcecode.swift; path = CreatePost.swift; sourceTree = "<group>"; };
		651757DD29FB811300E90FBA /* DevModeHandler.swift */ = {isa = PBXFileReference; lastKnownFileType = sourcecode.swift; path = DevModeHandler.swift; sourceTree = "<group>"; };
		651757E029FB816F00E90FBA /* social_apple.xcdatamodel */ = {isa = PBXFileReference; lastKnownFileType = wrapper.xcdatamodel; path = social_apple.xcdatamodel; sourceTree = "<group>"; };
		651757E229FB889900E90FBA /* DevModeView.swift */ = {isa = PBXFileReference; lastKnownFileType = sourcecode.swift; path = DevModeView.swift; sourceTree = "<group>"; };
		651757E429FB8B2E00E90FBA /* API_Data.swift */ = {isa = PBXFileReference; lastKnownFileType = sourcecode.swift; path = API_Data.swift; sourceTree = "<group>"; };
		651757E72A006D3E00E90FBA /* AnalyticsView.swift */ = {isa = PBXFileReference; lastKnownFileType = sourcecode.swift; path = AnalyticsView.swift; sourceTree = "<group>"; };
		651757E92A006D4600E90FBA /* Graph.swift */ = {isa = PBXFileReference; lastKnownFileType = sourcecode.swift; path = Graph.swift; sourceTree = "<group>"; };
		651757EB2A006D6900E90FBA /* AnalyticData.swift */ = {isa = PBXFileReference; lastKnownFileType = sourcecode.swift; path = AnalyticData.swift; sourceTree = "<group>"; };
		655AB60529F0720500C61F3A /* social-apple.app */ = {isa = PBXFileReference; explicitFileType = wrapper.application; includeInIndex = 0; path = "social-apple.app"; sourceTree = BUILT_PRODUCTS_DIR; };
		655AB60829F0720500C61F3A /* social_appleApp.swift */ = {isa = PBXFileReference; lastKnownFileType = sourcecode.swift; path = social_appleApp.swift; sourceTree = "<group>"; };
		655AB60A29F0720500C61F3A /* Persistence.swift */ = {isa = PBXFileReference; lastKnownFileType = sourcecode.swift; path = Persistence.swift; sourceTree = "<group>"; };
		655AB60F29F0720500C61F3A /* ContentView.swift */ = {isa = PBXFileReference; lastKnownFileType = sourcecode.swift; path = ContentView.swift; sourceTree = "<group>"; };
		655AB61129F0720600C61F3A /* Assets.xcassets */ = {isa = PBXFileReference; lastKnownFileType = folder.assetcatalog; path = Assets.xcassets; sourceTree = "<group>"; };
		655AB61329F0720600C61F3A /* social_apple.entitlements */ = {isa = PBXFileReference; lastKnownFileType = text.plist.entitlements; path = social_apple.entitlements; sourceTree = "<group>"; };
		655AB61529F0720600C61F3A /* Preview Assets.xcassets */ = {isa = PBXFileReference; lastKnownFileType = folder.assetcatalog; path = "Preview Assets.xcassets"; sourceTree = "<group>"; };
		655AB61C29F0724000C61F3A /* API_Requests.swift */ = {isa = PBXFileReference; lastKnownFileType = sourcecode.swift; path = API_Requests.swift; sourceTree = "<group>"; };
		655AB62029F0728A00C61F3A /* UserData.swift */ = {isa = PBXFileReference; lastKnownFileType = sourcecode.swift; path = UserData.swift; sourceTree = "<group>"; };
		655AB62229F0740B00C61F3A /* BeginPage.swift */ = {isa = PBXFileReference; lastKnownFileType = sourcecode.swift; path = BeginPage.swift; sourceTree = "<group>"; };
		655AB62429F0741200C61F3A /* LoginPage.swift */ = {isa = PBXFileReference; lastKnownFileType = sourcecode.swift; path = LoginPage.swift; sourceTree = "<group>"; };
		655AB62729F0778300C61F3A /* UserLoginData.swift */ = {isa = PBXFileReference; lastKnownFileType = sourcecode.swift; path = UserLoginData.swift; sourceTree = "<group>"; };
		655AB62929F080CB00C61F3A /* UserView.swift */ = {isa = PBXFileReference; lastKnownFileType = sourcecode.swift; path = UserView.swift; sourceTree = "<group>"; };
		655AB62B29F0E25600C61F3A /* HomeView.swift */ = {isa = PBXFileReference; lastKnownFileType = sourcecode.swift; path = HomeView.swift; sourceTree = "<group>"; };
		655AB62D29F0EDD900C61F3A /* PostData.swift */ = {isa = PBXFileReference; lastKnownFileType = sourcecode.swift; path = PostData.swift; sourceTree = "<group>"; };
		655AB62F29F19B0A00C61F3A /* ErrorData.swift */ = {isa = PBXFileReference; lastKnownFileType = sourcecode.swift; path = ErrorData.swift; sourceTree = "<group>"; };
		655BC0C12B07565100949356 /* LiveChatData.swift */ = {isa = PBXFileReference; lastKnownFileType = sourcecode.swift; path = LiveChatData.swift; sourceTree = "<group>"; };
		655BC0C32B07565D00949356 /* LiveChatView.swift */ = {isa = PBXFileReference; lastKnownFileType = sourcecode.swift; path = LiveChatView.swift; sourceTree = "<group>"; };
		655BC0C52B07569E00949356 /* LiveChatWebSocket.swift */ = {isa = PBXFileReference; lastKnownFileType = sourcecode.swift; path = LiveChatWebSocket.swift; sourceTree = "<group>"; };
		655BC0C72B0756D000949356 /* PollView.swift */ = {isa = PBXFileReference; lastKnownFileType = sourcecode.swift; path = PollView.swift; sourceTree = "<group>"; };
		655BC0C92B07575100949356 /* CurrentNavigationHandler.swift */ = {isa = PBXFileReference; lastKnownFileType = sourcecode.swift; path = CurrentNavigationHandler.swift; sourceTree = "<group>"; };
		65996A272B15BFE7005A60E3 /* ProfileView.swift */ = {isa = PBXFileReference; lastKnownFileType = sourcecode.swift; name = ProfileView.swift; path = ../../../../ProfileView.swift; sourceTree = "<group>"; };
/* End PBXFileReference section */

/* Begin PBXFrameworksBuildPhase section */
		655AB60229F0720500C61F3A /* Frameworks */ = {
			isa = PBXFrameworksBuildPhase;
			buildActionMask = 2147483647;
			files = (
			);
			runOnlyForDeploymentPostprocessing = 0;
		};
/* End PBXFrameworksBuildPhase section */

/* Begin PBXGroup section */
		6516E5902B0ADF78008A84E4 /* API */ = {
			isa = PBXGroup;
			children = (
				651757E429FB8B2E00E90FBA /* API_Data.swift */,
				6516E5A82B0AE993008A84E4 /* API_Client.swift */,
				6516E59C2B0AE8B9008A84E4 /* API_Helper.swift */,
				6516E5A02B0AE935008A84E4 /* Users.swift */,
				6516E5AC2B0AF2D3008A84E4 /* Posts.swift */,
				6516E59E2B0AE8CC008A84E4 /* Auth.swift */,
			);
			path = API;
			sourceTree = "<group>";
		};
		651757E62A006D2D00E90FBA /* Analytics */ = {
			isa = PBXGroup;
			children = (
				651757E92A006D4600E90FBA /* Graph.swift */,
			);
			path = Analytics;
			sourceTree = "<group>";
		};
		655AB5FC29F0720500C61F3A = {
			isa = PBXGroup;
			children = (
				655AB60729F0720500C61F3A /* social-apple */,
				655AB60629F0720500C61F3A /* Products */,
			);
			sourceTree = "<group>";
		};
		655AB60629F0720500C61F3A /* Products */ = {
			isa = PBXGroup;
			children = (
				655AB60529F0720500C61F3A /* social-apple.app */,
			);
			name = Products;
			sourceTree = "<group>";
		};
		655AB60729F0720500C61F3A /* social-apple */ = {
			isa = PBXGroup;
			children = (
				655AB60829F0720500C61F3A /* social_appleApp.swift */,
				655AB60A29F0720500C61F3A /* Persistence.swift */,
				655AB60F29F0720500C61F3A /* ContentView.swift */,
				655AB61129F0720600C61F3A /* Assets.xcassets */,
				655AB61329F0720600C61F3A /* social_apple.entitlements */,
				651757DF29FB816F00E90FBA /* social_apple.xcdatamodeld */,
				655AB62629F0741A00C61F3A /* Views */,
				655AB61F29F0727400C61F3A /* Classes */,
				655AB61E29F0724600C61F3A /* Utilities */,
				655AB61429F0720600C61F3A /* Preview Content */,
			);
			path = "social-apple";
			sourceTree = "<group>";
		};
		655AB61429F0720600C61F3A /* Preview Content */ = {
			isa = PBXGroup;
			children = (
				655AB61529F0720600C61F3A /* Preview Assets.xcassets */,
			);
			path = "Preview Content";
			sourceTree = "<group>";
		};
		655AB61E29F0724600C61F3A /* Utilities */ = {
			isa = PBXGroup;
			children = (
				6516E5902B0ADF78008A84E4 /* API */,
				655AB61C29F0724000C61F3A /* API_Requests.swift */,
				6503515029F1FBF6005C4253 /* UserTokenHandler.swift */,
				651757DD29FB811300E90FBA /* DevModeHandler.swift */,
				655BC0C92B07575100949356 /* CurrentNavigationHandler.swift */,
				655BC0C52B07569E00949356 /* LiveChatWebSocket.swift */,
			);
			path = Utilities;
			sourceTree = "<group>";
		};
		655AB61F29F0727400C61F3A /* Classes */ = {
			isa = PBXGroup;
			children = (
				655BC0C12B07565100949356 /* LiveChatData.swift */,
				655AB62029F0728A00C61F3A /* UserData.swift */,
				655AB62729F0778300C61F3A /* UserLoginData.swift */,
				655AB62D29F0EDD900C61F3A /* PostData.swift */,
				655AB62F29F19B0A00C61F3A /* ErrorData.swift */,
				651757EB2A006D6900E90FBA /* AnalyticData.swift */,
			);
			path = Classes;
			sourceTree = "<group>";
		};
		655AB62629F0741A00C61F3A /* Views */ = {
			isa = PBXGroup;
			children = (
				6593B0232B0099F30096C480 /* Navigation */,
				651757E62A006D2D00E90FBA /* Analytics */,
				655AB62229F0740B00C61F3A /* BeginPage.swift */,
				655AB62929F080CB00C61F3A /* UserView.swift */,
				655AB62429F0741200C61F3A /* LoginPage.swift */,
				655AB62B29F0E25600C61F3A /* HomeView.swift */,
				6503514C29F1F84C005C4253 /* PostPreView.swift */,
				6503515929F2F663005C4253 /* LogoutView.swift */,
				6503515B29F370CA005C4253 /* FeedPage.swift */,
				6503515D29F474A9005C4253 /* AboutView.swift */,
				651757DB29FA254500E90FBA /* CreatePost.swift */,
				651757E229FB889900E90FBA /* DevModeView.swift */,
				655BC0C72B0756D000949356 /* PollView.swift */,
				651757E72A006D3E00E90FBA /* AnalyticsView.swift */,
				655BC0C32B07565D00949356 /* LiveChatView.swift */,
				65996A272B15BFE7005A60E3 /* ProfileView.swift */,
			);
			path = Views;
			sourceTree = "<group>";
		};
		6593B0232B0099F30096C480 /* Navigation */ = {
			isa = PBXGroup;
			children = (
			);
			path = Navigation;
			sourceTree = "<group>";
		};
/* End PBXGroup section */

/* Begin PBXNativeTarget section */
		655AB60429F0720500C61F3A /* social-apple */ = {
			isa = PBXNativeTarget;
			buildConfigurationList = 655AB61929F0720600C61F3A /* Build configuration list for PBXNativeTarget "social-apple" */;
			buildPhases = (
				655AB60129F0720500C61F3A /* Sources */,
				655AB60229F0720500C61F3A /* Frameworks */,
				655AB60329F0720500C61F3A /* Resources */,
			);
			buildRules = (
			);
			dependencies = (
			);
			name = "social-apple";
			productName = "social-apple";
			productReference = 655AB60529F0720500C61F3A /* social-apple.app */;
			productType = "com.apple.product-type.application";
		};
/* End PBXNativeTarget section */

/* Begin PBXProject section */
		655AB5FD29F0720500C61F3A /* Project object */ = {
			isa = PBXProject;
			attributes = {
				BuildIndependentTargetsInParallel = 1;
				LastSwiftUpdateCheck = 1430;
				LastUpgradeCheck = 1500;
				TargetAttributes = {
					655AB60429F0720500C61F3A = {
						CreatedOnToolsVersion = 14.3;
					};
				};
			};
			buildConfigurationList = 655AB60029F0720500C61F3A /* Build configuration list for PBXProject "social-apple" */;
			compatibilityVersion = "Xcode 14.0";
			developmentRegion = en;
			hasScannedForEncodings = 0;
			knownRegions = (
				en,
				Base,
			);
			mainGroup = 655AB5FC29F0720500C61F3A;
			productRefGroup = 655AB60629F0720500C61F3A /* Products */;
			projectDirPath = "";
			projectRoot = "";
			targets = (
				655AB60429F0720500C61F3A /* social-apple */,
			);
		};
/* End PBXProject section */

/* Begin PBXResourcesBuildPhase section */
		655AB60329F0720500C61F3A /* Resources */ = {
			isa = PBXResourcesBuildPhase;
			buildActionMask = 2147483647;
			files = (
				655AB61629F0720600C61F3A /* Preview Assets.xcassets in Resources */,
				655AB61229F0720600C61F3A /* Assets.xcassets in Resources */,
			);
			runOnlyForDeploymentPostprocessing = 0;
		};
/* End PBXResourcesBuildPhase section */

/* Begin PBXSourcesBuildPhase section */
		655AB60129F0720500C61F3A /* Sources */ = {
			isa = PBXSourcesBuildPhase;
			buildActionMask = 2147483647;
			files = (
				651757DC29FA254500E90FBA /* CreatePost.swift in Sources */,
				651757E329FB889900E90FBA /* DevModeView.swift in Sources */,
				6503515A29F2F663005C4253 /* LogoutView.swift in Sources */,
				655BC0CA2B07575100949356 /* CurrentNavigationHandler.swift in Sources */,
				651757DE29FB811300E90FBA /* DevModeHandler.swift in Sources */,
				6503514D29F1F84C005C4253 /* PostPreView.swift in Sources */,
				6516E59D2B0AE8B9008A84E4 /* API_Helper.swift in Sources */,
				6516E5AD2B0AF2D3008A84E4 /* Posts.swift in Sources */,
				651757E82A006D3E00E90FBA /* AnalyticsView.swift in Sources */,
				655AB62129F0728A00C61F3A /* UserData.swift in Sources */,
				655AB62E29F0EDD900C61F3A /* PostData.swift in Sources */,
				6503515E29F474A9005C4253 /* AboutView.swift in Sources */,
				651757E529FB8B2E00E90FBA /* API_Data.swift in Sources */,
				655AB62329F0740B00C61F3A /* BeginPage.swift in Sources */,
				6503515129F1FBF6005C4253 /* UserTokenHandler.swift in Sources */,
				655AB62829F0778300C61F3A /* UserLoginData.swift in Sources */,
				6516E5A92B0AE993008A84E4 /* API_Client.swift in Sources */,
				655AB61D29F0724000C61F3A /* API_Requests.swift in Sources */,
				655AB60929F0720500C61F3A /* social_appleApp.swift in Sources */,
				6503515C29F370CA005C4253 /* FeedPage.swift in Sources */,
				655BC0C42B07565E00949356 /* LiveChatView.swift in Sources */,
				655AB62C29F0E25600C61F3A /* HomeView.swift in Sources */,
				655BC0C82B0756D100949356 /* PollView.swift in Sources */,
				655BC0C62B07569E00949356 /* LiveChatWebSocket.swift in Sources */,
				655AB61029F0720500C61F3A /* ContentView.swift in Sources */,
				651757EA2A006D4600E90FBA /* Graph.swift in Sources */,
				655AB63029F19B0A00C61F3A /* ErrorData.swift in Sources */,
				6516E5A12B0AE935008A84E4 /* Users.swift in Sources */,
				65996A282B15BFE7005A60E3 /* ProfileView.swift in Sources */,
				655AB62A29F080CB00C61F3A /* UserView.swift in Sources */,
				651757E129FB816F00E90FBA /* social_apple.xcdatamodeld in Sources */,
				655BC0C22B07565200949356 /* LiveChatData.swift in Sources */,
				651757EC2A006D6900E90FBA /* AnalyticData.swift in Sources */,
				655AB60B29F0720500C61F3A /* Persistence.swift in Sources */,
				655AB62529F0741200C61F3A /* LoginPage.swift in Sources */,
				6516E59F2B0AE8CC008A84E4 /* Auth.swift in Sources */,
			);
			runOnlyForDeploymentPostprocessing = 0;
		};
/* End PBXSourcesBuildPhase section */

/* Begin XCBuildConfiguration section */
		655AB61729F0720600C61F3A /* Debug */ = {
			isa = XCBuildConfiguration;
			buildSettings = {
				ALWAYS_SEARCH_USER_PATHS = NO;
				CLANG_ANALYZER_NONNULL = YES;
				CLANG_ANALYZER_NUMBER_OBJECT_CONVERSION = YES_AGGRESSIVE;
				CLANG_CXX_LANGUAGE_STANDARD = "gnu++20";
				CLANG_ENABLE_MODULES = YES;
				CLANG_ENABLE_OBJC_ARC = YES;
				CLANG_ENABLE_OBJC_WEAK = YES;
				CLANG_WARN_BLOCK_CAPTURE_AUTORELEASING = YES;
				CLANG_WARN_BOOL_CONVERSION = YES;
				CLANG_WARN_COMMA = YES;
				CLANG_WARN_CONSTANT_CONVERSION = YES;
				CLANG_WARN_DEPRECATED_OBJC_IMPLEMENTATIONS = YES;
				CLANG_WARN_DIRECT_OBJC_ISA_USAGE = YES_ERROR;
				CLANG_WARN_DOCUMENTATION_COMMENTS = YES;
				CLANG_WARN_EMPTY_BODY = YES;
				CLANG_WARN_ENUM_CONVERSION = YES;
				CLANG_WARN_INFINITE_RECURSION = YES;
				CLANG_WARN_INT_CONVERSION = YES;
				CLANG_WARN_NON_LITERAL_NULL_CONVERSION = YES;
				CLANG_WARN_OBJC_IMPLICIT_RETAIN_SELF = YES;
				CLANG_WARN_OBJC_LITERAL_CONVERSION = YES;
				CLANG_WARN_OBJC_ROOT_CLASS = YES_ERROR;
				CLANG_WARN_QUOTED_INCLUDE_IN_FRAMEWORK_HEADER = YES;
				CLANG_WARN_RANGE_LOOP_ANALYSIS = YES;
				CLANG_WARN_STRICT_PROTOTYPES = YES;
				CLANG_WARN_SUSPICIOUS_MOVE = YES;
				CLANG_WARN_UNGUARDED_AVAILABILITY = YES_AGGRESSIVE;
				CLANG_WARN_UNREACHABLE_CODE = YES;
				CLANG_WARN__DUPLICATE_METHOD_MATCH = YES;
				COPY_PHASE_STRIP = NO;
				DEAD_CODE_STRIPPING = YES;
				DEBUG_INFORMATION_FORMAT = dwarf;
				ENABLE_STRICT_OBJC_MSGSEND = YES;
				ENABLE_TESTABILITY = YES;
				ENABLE_USER_SCRIPT_SANDBOXING = YES;
				GCC_C_LANGUAGE_STANDARD = gnu11;
				GCC_DYNAMIC_NO_PIC = NO;
				GCC_NO_COMMON_BLOCKS = YES;
				GCC_OPTIMIZATION_LEVEL = 0;
				GCC_PREPROCESSOR_DEFINITIONS = (
					"DEBUG=1",
					"$(inherited)",
				);
				GCC_WARN_64_TO_32_BIT_CONVERSION = YES;
				GCC_WARN_ABOUT_RETURN_TYPE = YES_ERROR;
				GCC_WARN_UNDECLARED_SELECTOR = YES;
				GCC_WARN_UNINITIALIZED_AUTOS = YES_AGGRESSIVE;
				GCC_WARN_UNUSED_FUNCTION = YES;
				GCC_WARN_UNUSED_VARIABLE = YES;
				MTL_ENABLE_DEBUG_INFO = INCLUDE_SOURCE;
				MTL_FAST_MATH = YES;
				ONLY_ACTIVE_ARCH = YES;
				SWIFT_ACTIVE_COMPILATION_CONDITIONS = DEBUG;
				SWIFT_OPTIMIZATION_LEVEL = "-Onone";
			};
			name = Debug;
		};
		655AB61829F0720600C61F3A /* Release */ = {
			isa = XCBuildConfiguration;
			buildSettings = {
				ALWAYS_SEARCH_USER_PATHS = NO;
				CLANG_ANALYZER_NONNULL = YES;
				CLANG_ANALYZER_NUMBER_OBJECT_CONVERSION = YES_AGGRESSIVE;
				CLANG_CXX_LANGUAGE_STANDARD = "gnu++20";
				CLANG_ENABLE_MODULES = YES;
				CLANG_ENABLE_OBJC_ARC = YES;
				CLANG_ENABLE_OBJC_WEAK = YES;
				CLANG_WARN_BLOCK_CAPTURE_AUTORELEASING = YES;
				CLANG_WARN_BOOL_CONVERSION = YES;
				CLANG_WARN_COMMA = YES;
				CLANG_WARN_CONSTANT_CONVERSION = YES;
				CLANG_WARN_DEPRECATED_OBJC_IMPLEMENTATIONS = YES;
				CLANG_WARN_DIRECT_OBJC_ISA_USAGE = YES_ERROR;
				CLANG_WARN_DOCUMENTATION_COMMENTS = YES;
				CLANG_WARN_EMPTY_BODY = YES;
				CLANG_WARN_ENUM_CONVERSION = YES;
				CLANG_WARN_INFINITE_RECURSION = YES;
				CLANG_WARN_INT_CONVERSION = YES;
				CLANG_WARN_NON_LITERAL_NULL_CONVERSION = YES;
				CLANG_WARN_OBJC_IMPLICIT_RETAIN_SELF = YES;
				CLANG_WARN_OBJC_LITERAL_CONVERSION = YES;
				CLANG_WARN_OBJC_ROOT_CLASS = YES_ERROR;
				CLANG_WARN_QUOTED_INCLUDE_IN_FRAMEWORK_HEADER = YES;
				CLANG_WARN_RANGE_LOOP_ANALYSIS = YES;
				CLANG_WARN_STRICT_PROTOTYPES = YES;
				CLANG_WARN_SUSPICIOUS_MOVE = YES;
				CLANG_WARN_UNGUARDED_AVAILABILITY = YES_AGGRESSIVE;
				CLANG_WARN_UNREACHABLE_CODE = YES;
				CLANG_WARN__DUPLICATE_METHOD_MATCH = YES;
				COPY_PHASE_STRIP = NO;
				DEAD_CODE_STRIPPING = YES;
				DEBUG_INFORMATION_FORMAT = "dwarf-with-dsym";
				ENABLE_NS_ASSERTIONS = NO;
				ENABLE_STRICT_OBJC_MSGSEND = YES;
				ENABLE_USER_SCRIPT_SANDBOXING = YES;
				GCC_C_LANGUAGE_STANDARD = gnu11;
				GCC_NO_COMMON_BLOCKS = YES;
				GCC_WARN_64_TO_32_BIT_CONVERSION = YES;
				GCC_WARN_ABOUT_RETURN_TYPE = YES_ERROR;
				GCC_WARN_UNDECLARED_SELECTOR = YES;
				GCC_WARN_UNINITIALIZED_AUTOS = YES_AGGRESSIVE;
				GCC_WARN_UNUSED_FUNCTION = YES;
				GCC_WARN_UNUSED_VARIABLE = YES;
				MTL_ENABLE_DEBUG_INFO = NO;
				MTL_FAST_MATH = YES;
				SWIFT_COMPILATION_MODE = wholemodule;
				SWIFT_OPTIMIZATION_LEVEL = "-O";
			};
			name = Release;
		};
		655AB61A29F0720600C61F3A /* Debug */ = {
			isa = XCBuildConfiguration;
			buildSettings = {
				ASSETCATALOG_COMPILER_APPICON_NAME = AppIcon;
				ASSETCATALOG_COMPILER_GLOBAL_ACCENT_COLOR_NAME = AccentColor;
				CODE_SIGN_ENTITLEMENTS = "social-apple/social_apple.entitlements";
				CODE_SIGN_STYLE = Automatic;
				CURRENT_PROJECT_VERSION = 1;
				DEAD_CODE_STRIPPING = YES;
				DEVELOPMENT_ASSET_PATHS = "\"social-apple/Preview Content\"";
				DEVELOPMENT_TEAM = VHCWBN8GY3;
				ENABLE_PREVIEWS = YES;
				GENERATE_INFOPLIST_FILE = YES;
				INFOPLIST_FILE = "social-apple/Info.plist";
				INFOPLIST_KEY_CFBundleDisplayName = Interact;
				INFOPLIST_KEY_LSApplicationCategoryType = "public.app-category.social-networking";
				"INFOPLIST_KEY_UIApplicationSceneManifest_Generation[sdk=iphoneos*]" = YES;
				"INFOPLIST_KEY_UIApplicationSceneManifest_Generation[sdk=iphonesimulator*]" = YES;
				"INFOPLIST_KEY_UIApplicationSupportsIndirectInputEvents[sdk=iphoneos*]" = YES;
				"INFOPLIST_KEY_UIApplicationSupportsIndirectInputEvents[sdk=iphonesimulator*]" = YES;
				"INFOPLIST_KEY_UILaunchScreen_Generation[sdk=iphoneos*]" = YES;
				"INFOPLIST_KEY_UILaunchScreen_Generation[sdk=iphonesimulator*]" = YES;
				"INFOPLIST_KEY_UIStatusBarStyle[sdk=iphoneos*]" = UIStatusBarStyleDefault;
				"INFOPLIST_KEY_UIStatusBarStyle[sdk=iphonesimulator*]" = UIStatusBarStyleDefault;
				INFOPLIST_KEY_UISupportedInterfaceOrientations = UIInterfaceOrientationPortrait;
				INFOPLIST_KEY_UISupportedInterfaceOrientations_iPad = "UIInterfaceOrientationLandscapeLeft UIInterfaceOrientationLandscapeRight UIInterfaceOrientationPortrait UIInterfaceOrientationPortraitUpsideDown";
				IPHONEOS_DEPLOYMENT_TARGET = 16.4;
				LD_RUNPATH_SEARCH_PATHS = "@executable_path/Frameworks";
				"LD_RUNPATH_SEARCH_PATHS[sdk=macosx*]" = "@executable_path/../Frameworks";
				MACOSX_DEPLOYMENT_TARGET = 13.2;
				MARKETING_VERSION = 1.0;
				PRODUCT_BUNDLE_IDENTIFIER = "net.novapro.social-apple";
				PRODUCT_NAME = "$(TARGET_NAME)";
				SDKROOT = auto;
				SUPPORTED_PLATFORMS = "iphoneos iphonesimulator macosx xros xrsimulator";
				SUPPORTS_MACCATALYST = NO;
				SWIFT_EMIT_LOC_STRINGS = YES;
				SWIFT_VERSION = 5.0;
				TARGETED_DEVICE_FAMILY = "1,2,7";
			};
			name = Debug;
		};
		655AB61B29F0720600C61F3A /* Release */ = {
			isa = XCBuildConfiguration;
			buildSettings = {
				ASSETCATALOG_COMPILER_APPICON_NAME = AppIcon;
				ASSETCATALOG_COMPILER_GLOBAL_ACCENT_COLOR_NAME = AccentColor;
				CODE_SIGN_ENTITLEMENTS = "social-apple/social_apple.entitlements";
				CODE_SIGN_STYLE = Automatic;
				CURRENT_PROJECT_VERSION = 1;
				DEAD_CODE_STRIPPING = YES;
				DEVELOPMENT_ASSET_PATHS = "\"social-apple/Preview Content\"";
				DEVELOPMENT_TEAM = VHCWBN8GY3;
				ENABLE_PREVIEWS = YES;
				GENERATE_INFOPLIST_FILE = YES;
				INFOPLIST_FILE = "social-apple/Info.plist";
				INFOPLIST_KEY_CFBundleDisplayName = Interact;
				INFOPLIST_KEY_LSApplicationCategoryType = "public.app-category.social-networking";
				"INFOPLIST_KEY_UIApplicationSceneManifest_Generation[sdk=iphoneos*]" = YES;
				"INFOPLIST_KEY_UIApplicationSceneManifest_Generation[sdk=iphonesimulator*]" = YES;
				"INFOPLIST_KEY_UIApplicationSupportsIndirectInputEvents[sdk=iphoneos*]" = YES;
				"INFOPLIST_KEY_UIApplicationSupportsIndirectInputEvents[sdk=iphonesimulator*]" = YES;
				"INFOPLIST_KEY_UILaunchScreen_Generation[sdk=iphoneos*]" = YES;
				"INFOPLIST_KEY_UILaunchScreen_Generation[sdk=iphonesimulator*]" = YES;
				"INFOPLIST_KEY_UIStatusBarStyle[sdk=iphoneos*]" = UIStatusBarStyleDefault;
				"INFOPLIST_KEY_UIStatusBarStyle[sdk=iphonesimulator*]" = UIStatusBarStyleDefault;
				INFOPLIST_KEY_UISupportedInterfaceOrientations = UIInterfaceOrientationPortrait;
				INFOPLIST_KEY_UISupportedInterfaceOrientations_iPad = "UIInterfaceOrientationLandscapeLeft UIInterfaceOrientationLandscapeRight UIInterfaceOrientationPortrait UIInterfaceOrientationPortraitUpsideDown";
				IPHONEOS_DEPLOYMENT_TARGET = 16.4;
				LD_RUNPATH_SEARCH_PATHS = "@executable_path/Frameworks";
				"LD_RUNPATH_SEARCH_PATHS[sdk=macosx*]" = "@executable_path/../Frameworks";
				MACOSX_DEPLOYMENT_TARGET = 13.2;
				MARKETING_VERSION = 1.0;
				PRODUCT_BUNDLE_IDENTIFIER = "net.novapro.social-apple";
				PRODUCT_NAME = "$(TARGET_NAME)";
				SDKROOT = auto;
				SUPPORTED_PLATFORMS = "iphoneos iphonesimulator macosx xros xrsimulator";
				SUPPORTS_MACCATALYST = NO;
				SWIFT_EMIT_LOC_STRINGS = YES;
				SWIFT_VERSION = 5.0;
				TARGETED_DEVICE_FAMILY = "1,2,7";
			};
			name = Release;
		};
/* End XCBuildConfiguration section */

/* Begin XCConfigurationList section */
		655AB60029F0720500C61F3A /* Build configuration list for PBXProject "social-apple" */ = {
			isa = XCConfigurationList;
			buildConfigurations = (
				655AB61729F0720600C61F3A /* Debug */,
				655AB61829F0720600C61F3A /* Release */,
			);
			defaultConfigurationIsVisible = 0;
			defaultConfigurationName = Release;
		};
		655AB61929F0720600C61F3A /* Build configuration list for PBXNativeTarget "social-apple" */ = {
			isa = XCConfigurationList;
			buildConfigurations = (
				655AB61A29F0720600C61F3A /* Debug */,
				655AB61B29F0720600C61F3A /* Release */,
			);
			defaultConfigurationIsVisible = 0;
			defaultConfigurationName = Release;
		};
/* End XCConfigurationList section */

/* Begin XCVersionGroup section */
		651757DF29FB816F00E90FBA /* social_apple.xcdatamodeld */ = {
			isa = XCVersionGroup;
			children = (
				651757E029FB816F00E90FBA /* social_apple.xcdatamodel */,
			);
			currentVersion = 651757E029FB816F00E90FBA /* social_apple.xcdatamodel */;
			path = social_apple.xcdatamodeld;
			sourceTree = "<group>";
			versionGroupType = wrapper.xcdatamodel;
		};
/* End XCVersionGroup section */
	};
	rootObject = 655AB5FD29F0720500C61F3A /* Project object */;
}
